
Microsoft Visual Studio Solution File, Format Version 12.00
# Visual Studio Version 17
VisualStudioVersion = 17.1.32407.343
MinimumVisualStudioVersion = 10.0.40219.1
Project("{FAE04EC0-301F-11D3-BF4B-00C04F79EFBC}") = "Firma(Доп.формы)", "Firma(Доп.формы)\Firma(Доп.формы).csproj", "{A0DF0628-DE9F-40E4-B64A-E57D954575AB}"
EndProject
Global
	GlobalSection(SolutionConfigurationPlatforms) = preSolution
		Debug|Any CPU = Debug|Any CPU
		Release|Any CPU = Release|Any CPU
	EndGlobalSection
	GlobalSection(ProjectConfigurationPlatforms) = postSolution
		{A0DF0628-DE9F-40E4-B64A-E57D954575AB}.Debug|Any CPU.ActiveCfg = Debug|Any CPU
		{A0DF0628-DE9F-40E4-B64A-E57D954575AB}.Debug|Any CPU.Build.0 = Debug|Any CPU
		{A0DF0628-DE9F-40E4-B64A-E57D954575AB}.Release|Any CPU.ActiveCfg = Release|Any CPU
		{A0DF0628-DE9F-40E4-B64A-E57D954575AB}.Release|Any CPU.Build.0 = Release|Any CPU
	EndGlobalSection
	GlobalSection(SolutionProperties) = preSolution
		HideSolutionNode = FALSE
	EndGlobalSection
	GlobalSection(ExtensibilityGlobals) = postSolution
		SolutionGuid = {36359579-FD37-4972-9333-A09A1D58D288}
	EndGlobalSection
EndGlobal
