
Microsoft Visual Studio Solution File, Format Version 12.00
# Visual Studio Version 17
VisualStudioVersion = 17.1.32407.343
MinimumVisualStudioVersion = 10.0.40219.1
Project("{FAE04EC0-301F-11D3-BF4B-00C04F79EFBC}") = "WordInFilesAsync", "WordInFilesAsync\WordInFilesAsync.csproj", "{2B8BED5C-3C9B-4C2F-8099-AF179A71C09F}"
EndProject
Global
	GlobalSection(SolutionConfigurationPlatforms) = preSolution
		Debug|Any CPU = Debug|Any CPU
		Release|Any CPU = Release|Any CPU
	EndGlobalSection
	GlobalSection(ProjectConfigurationPlatforms) = postSolution
		{2B8BED5C-3C9B-4C2F-8099-AF179A71C09F}.Debug|Any CPU.ActiveCfg = Debug|Any CPU
		{2B8BED5C-3C9B-4C2F-8099-AF179A71C09F}.Debug|Any CPU.Build.0 = Debug|Any CPU
		{2B8BED5C-3C9B-4C2F-8099-AF179A71C09F}.Release|Any CPU.ActiveCfg = Release|Any CPU
		{2B8BED5C-3C9B-4C2F-8099-AF179A71C09F}.Release|Any CPU.Build.0 = Release|Any CPU
	EndGlobalSection
	GlobalSection(SolutionProperties) = preSolution
		HideSolutionNode = FALSE
	EndGlobalSection
	GlobalSection(ExtensibilityGlobals) = postSolution
		SolutionGuid = {2B0117BA-D5EF-4534-B2B2-08B6155FC465}
	EndGlobalSection
EndGlobal
