
Microsoft Visual Studio Solution File, Format Version 12.00
# Visual Studio Version 17
VisualStudioVersion = 17.1.32407.343
MinimumVisualStudioVersion = 10.0.40219.1
Project("{FAE04EC0-301F-11D3-BF4B-00C04F79EFBC}") = "SmartPhoneMutex", "SmartPhoneMutex\SmartPhoneMutex.csproj", "{C44FCEF9-5E19-4A8D-849C-E7F43C075D9D}"
EndProject
Global
	GlobalSection(SolutionConfigurationPlatforms) = preSolution
		Debug|Any CPU = Debug|Any CPU
		Release|Any CPU = Release|Any CPU
	EndGlobalSection
	GlobalSection(ProjectConfigurationPlatforms) = postSolution
		{C44FCEF9-5E19-4A8D-849C-E7F43C075D9D}.Debug|Any CPU.ActiveCfg = Debug|Any CPU
		{C44FCEF9-5E19-4A8D-849C-E7F43C075D9D}.Debug|Any CPU.Build.0 = Debug|Any CPU
		{C44FCEF9-5E19-4A8D-849C-E7F43C075D9D}.Release|Any CPU.ActiveCfg = Release|Any CPU
		{C44FCEF9-5E19-4A8D-849C-E7F43C075D9D}.Release|Any CPU.Build.0 = Release|Any CPU
	EndGlobalSection
	GlobalSection(SolutionProperties) = preSolution
		HideSolutionNode = FALSE
	EndGlobalSection
	GlobalSection(ExtensibilityGlobals) = postSolution
		SolutionGuid = {082EEBBE-AA48-493C-A573-AF2311DB1D97}
	EndGlobalSection
EndGlobal
