
Microsoft Visual Studio Solution File, Format Version 12.00
# Visual Studio Version 17
VisualStudioVersion = 17.1.32407.343
MinimumVisualStudioVersion = 10.0.40219.1
Project("{FAE04EC0-301F-11D3-BF4B-00C04F79EFBC}") = "ZombieShot", "ZombieShot\ZombieShot.csproj", "{982B8A76-C718-4A93-9DBD-A03BCB809585}"
EndProject
Global
	GlobalSection(SolutionConfigurationPlatforms) = preSolution
		Debug|Any CPU = Debug|Any CPU
		Release|Any CPU = Release|Any CPU
	EndGlobalSection
	GlobalSection(ProjectConfigurationPlatforms) = postSolution
		{982B8A76-C718-4A93-9DBD-A03BCB809585}.Debug|Any CPU.ActiveCfg = Debug|Any CPU
		{982B8A76-C718-4A93-9DBD-A03BCB809585}.Debug|Any CPU.Build.0 = Debug|Any CPU
		{982B8A76-C718-4A93-9DBD-A03BCB809585}.Release|Any CPU.ActiveCfg = Release|Any CPU
		{982B8A76-C718-4A93-9DBD-A03BCB809585}.Release|Any CPU.Build.0 = Release|Any CPU
	EndGlobalSection
	GlobalSection(SolutionProperties) = preSolution
		HideSolutionNode = FALSE
	EndGlobalSection
	GlobalSection(ExtensibilityGlobals) = postSolution
		SolutionGuid = {C0E475FF-3C63-45D5-AD4B-1ED35B21E58D}
	EndGlobalSection
EndGlobal
